
Microsoft Visual Studio Solution File, Format Version 12.00
# Visual Studio Version 17
VisualStudioVersion = 17.11.35327.3
MinimumVisualStudioVersion = 10.0.40219.1
Project("{FAE04EC0-301F-11D3-BF4B-00C04F79EFBC}") = "Ders02_Class", "Ders02_Class\Ders02_Class.csproj", "{6D7115E5-DD70-486F-BEC6-E55646843B95}"
EndProject
Project("{FAE04EC0-301F-11D3-BF4B-00C04F79EFBC}") = "Ders03_ClassMembers", "Ders03_ClassMembers\Ders03_ClassMembers.csproj", "{0303CFC3-1FE7-4607-ACAC-355A0A07E802}"
EndProject
Project("{FAE04EC0-301F-11D3-BF4B-00C04F79EFBC}") = "Ders04_ClassEkstra", "Ders04_ClassEkstra\Ders04_ClassEkstra.csproj", "{0D1AF3EC-4BE3-4F2B-98D8-836577C0F58A}"
EndProject
Project("{FAE04EC0-301F-11D3-BF4B-00C04F79EFBC}") = "Ders05_ThisKeywordu", "Ders05_ThisKeywordu\Ders05_ThisKeywordu.csproj", "{BEAB52C4-53F9-41A1-9FCE-66809BD2F4E5}"
EndProject
Project("{FAE04EC0-301F-11D3-BF4B-00C04F79EFBC}") = "Ders06_NesneKavrami", "Ders06_NesneKavrami\Ders06_NesneKavrami.csproj", "{81419211-E8CF-426D-A0FD-C0A8A764A093}"
EndProject
Project("{FAE04EC0-301F-11D3-BF4B-00C04F79EFBC}") = "Ders07_NesneReferansIliskisi", "Ders07_NesneReferansIliskisi\Ders07_NesneReferansIliskisi.csproj", "{B15AB708-0F35-431C-A2E4-BE91D6B3BD11}"
EndProject
Project("{FAE04EC0-301F-11D3-BF4B-00C04F79EFBC}") = "Ders08_NesneKopyalamaDavranislari", "Ders08_NesneKopyalamaDavranislari\Ders08_NesneKopyalamaDavranislari.csproj", "{D2EC949E-6059-44EF-B23E-B92C36AD8C55}"
EndProject
Project("{FAE04EC0-301F-11D3-BF4B-00C04F79EFBC}") = "Ders09_Encapsulation", "Ders09_Encapsulation\Ders09_Encapsulation.csproj", "{0852441E-007D-4E8A-BA2C-0E2CDF7F8AC3}"
EndProject
Project("{FAE04EC0-301F-11D3-BF4B-00C04F79EFBC}") = "Ders10_Record", "Ders10_Record\Ders10_Record.csproj", "{F11CC958-5DE4-4D15-AE51-2C0B2F1115D6}"
EndProject
Project("{FAE04EC0-301F-11D3-BF4B-00C04F79EFBC}") = "Ders11_Constructor", "Ders11_Constructor\Ders11_Constructor.csproj", "{42BAEBB1-005C-4D5E-A56F-4494C2D4848A}"
EndProject
Project("{FAE04EC0-301F-11D3-BF4B-00C04F79EFBC}") = "Ders12_Destructor", "Ders12_Destructor\Ders12_Destructor.csproj", "{CDF87805-6293-4360-BADB-0719E6AD29E0}"
EndProject
Project("{FAE04EC0-301F-11D3-BF4B-00C04F79EFBC}") = "Ders13_Deconstruct", "Ders13_Deconstruct\Ders13_Deconstruct.csproj", "{3D4CA7A9-96DC-4148-83B7-426525B2745B}"
EndProject
Project("{FAE04EC0-301F-11D3-BF4B-00C04F79EFBC}") = "Ders14_StaticConstructor", "Ders14_StaticConstructor\Ders14_StaticConstructor.csproj", "{6D5323FF-2F0C-40FF-821C-ACB4426FE0BD}"
EndProject
Global
	GlobalSection(SolutionProperties) = preSolution
		HideSolutionNode = FALSE
	EndGlobalSection
	GlobalSection(ExtensibilityGlobals) = postSolution
		SolutionGuid = {2FC591F2-E1E3-4D60-B4F9-78B1F383C758}
	EndGlobalSection
	GlobalSection(SolutionConfigurationPlatforms) = preSolution
		Debug|Any CPU = Debug|Any CPU
		Debug|x64 = Debug|x64
		Debug|x86 = Debug|x86
		Release|Any CPU = Release|Any CPU
		Release|x64 = Release|x64
		Release|x86 = Release|x86
	EndGlobalSection
	GlobalSection(ProjectConfigurationPlatforms) = postSolution
		{6D7115E5-DD70-486F-BEC6-E55646843B95}.Debug|Any CPU.ActiveCfg = Debug|Any CPU
		{6D7115E5-DD70-486F-BEC6-E55646843B95}.Debug|Any CPU.Build.0 = Debug|Any CPU
		{6D7115E5-DD70-486F-BEC6-E55646843B95}.Debug|x64.ActiveCfg = Debug|Any CPU
		{6D7115E5-DD70-486F-BEC6-E55646843B95}.Debug|x64.Build.0 = Debug|Any CPU
		{6D7115E5-DD70-486F-BEC6-E55646843B95}.Debug|x86.ActiveCfg = Debug|Any CPU
		{6D7115E5-DD70-486F-BEC6-E55646843B95}.Debug|x86.Build.0 = Debug|Any CPU
		{6D7115E5-DD70-486F-BEC6-E55646843B95}.Release|Any CPU.ActiveCfg = Release|Any CPU
		{6D7115E5-DD70-486F-BEC6-E55646843B95}.Release|Any CPU.Build.0 = Release|Any CPU
		{6D7115E5-DD70-486F-BEC6-E55646843B95}.Release|x64.ActiveCfg = Release|Any CPU
		{6D7115E5-DD70-486F-BEC6-E55646843B95}.Release|x64.Build.0 = Release|Any CPU
		{6D7115E5-DD70-486F-BEC6-E55646843B95}.Release|x86.ActiveCfg = Release|Any CPU
		{6D7115E5-DD70-486F-BEC6-E55646843B95}.Release|x86.Build.0 = Release|Any CPU
		{0303CFC3-1FE7-4607-ACAC-355A0A07E802}.Debug|Any CPU.ActiveCfg = Debug|Any CPU
		{0303CFC3-1FE7-4607-ACAC-355A0A07E802}.Debug|Any CPU.Build.0 = Debug|Any CPU
		{0303CFC3-1FE7-4607-ACAC-355A0A07E802}.Debug|x64.ActiveCfg = Debug|Any CPU
		{0303CFC3-1FE7-4607-ACAC-355A0A07E802}.Debug|x64.Build.0 = Debug|Any CPU
		{0303CFC3-1FE7-4607-ACAC-355A0A07E802}.Debug|x86.ActiveCfg = Debug|Any CPU
		{0303CFC3-1FE7-4607-ACAC-355A0A07E802}.Debug|x86.Build.0 = Debug|Any CPU
		{0303CFC3-1FE7-4607-ACAC-355A0A07E802}.Release|Any CPU.ActiveCfg = Release|Any CPU
		{0303CFC3-1FE7-4607-ACAC-355A0A07E802}.Release|Any CPU.Build.0 = Release|Any CPU
		{0303CFC3-1FE7-4607-ACAC-355A0A07E802}.Release|x64.ActiveCfg = Release|Any CPU
		{0303CFC3-1FE7-4607-ACAC-355A0A07E802}.Release|x64.Build.0 = Release|Any CPU
		{0303CFC3-1FE7-4607-ACAC-355A0A07E802}.Release|x86.ActiveCfg = Release|Any CPU
		{0303CFC3-1FE7-4607-ACAC-355A0A07E802}.Release|x86.Build.0 = Release|Any CPU
		{0D1AF3EC-4BE3-4F2B-98D8-836577C0F58A}.Debug|Any CPU.ActiveCfg = Debug|Any CPU
		{0D1AF3EC-4BE3-4F2B-98D8-836577C0F58A}.Debug|Any CPU.Build.0 = Debug|Any CPU
		{0D1AF3EC-4BE3-4F2B-98D8-836577C0F58A}.Debug|x64.ActiveCfg = Debug|Any CPU
		{0D1AF3EC-4BE3-4F2B-98D8-836577C0F58A}.Debug|x64.Build.0 = Debug|Any CPU
		{0D1AF3EC-4BE3-4F2B-98D8-836577C0F58A}.Debug|x86.ActiveCfg = Debug|Any CPU
		{0D1AF3EC-4BE3-4F2B-98D8-836577C0F58A}.Debug|x86.Build.0 = Debug|Any CPU
		{0D1AF3EC-4BE3-4F2B-98D8-836577C0F58A}.Release|Any CPU.ActiveCfg = Release|Any CPU
		{0D1AF3EC-4BE3-4F2B-98D8-836577C0F58A}.Release|Any CPU.Build.0 = Release|Any CPU
		{0D1AF3EC-4BE3-4F2B-98D8-836577C0F58A}.Release|x64.ActiveCfg = Release|Any CPU
		{0D1AF3EC-4BE3-4F2B-98D8-836577C0F58A}.Release|x64.Build.0 = Release|Any CPU
		{0D1AF3EC-4BE3-4F2B-98D8-836577C0F58A}.Release|x86.ActiveCfg = Release|Any CPU
		{0D1AF3EC-4BE3-4F2B-98D8-836577C0F58A}.Release|x86.Build.0 = Release|Any CPU
		{BEAB52C4-53F9-41A1-9FCE-66809BD2F4E5}.Debug|Any CPU.ActiveCfg = Debug|Any CPU
		{BEAB52C4-53F9-41A1-9FCE-66809BD2F4E5}.Debug|Any CPU.Build.0 = Debug|Any CPU
		{BEAB52C4-53F9-41A1-9FCE-66809BD2F4E5}.Debug|x64.ActiveCfg = Debug|Any CPU
		{BEAB52C4-53F9-41A1-9FCE-66809BD2F4E5}.Debug|x64.Build.0 = Debug|Any CPU
		{BEAB52C4-53F9-41A1-9FCE-66809BD2F4E5}.Debug|x86.ActiveCfg = Debug|Any CPU
		{BEAB52C4-53F9-41A1-9FCE-66809BD2F4E5}.Debug|x86.Build.0 = Debug|Any CPU
		{BEAB52C4-53F9-41A1-9FCE-66809BD2F4E5}.Release|Any CPU.ActiveCfg = Release|Any CPU
		{BEAB52C4-53F9-41A1-9FCE-66809BD2F4E5}.Release|Any CPU.Build.0 = Release|Any CPU
		{BEAB52C4-53F9-41A1-9FCE-66809BD2F4E5}.Release|x64.ActiveCfg = Release|Any CPU
		{BEAB52C4-53F9-41A1-9FCE-66809BD2F4E5}.Release|x64.Build.0 = Release|Any CPU
		{BEAB52C4-53F9-41A1-9FCE-66809BD2F4E5}.Release|x86.ActiveCfg = Release|Any CPU
		{BEAB52C4-53F9-41A1-9FCE-66809BD2F4E5}.Release|x86.Build.0 = Release|Any CPU
		{81419211-E8CF-426D-A0FD-C0A8A764A093}.Debug|Any CPU.ActiveCfg = Debug|Any CPU
		{81419211-E8CF-426D-A0FD-C0A8A764A093}.Debug|Any CPU.Build.0 = Debug|Any CPU
		{81419211-E8CF-426D-A0FD-C0A8A764A093}.Debug|x64.ActiveCfg = Debug|Any CPU
		{81419211-E8CF-426D-A0FD-C0A8A764A093}.Debug|x64.Build.0 = Debug|Any CPU
		{81419211-E8CF-426D-A0FD-C0A8A764A093}.Debug|x86.ActiveCfg = Debug|Any CPU
		{81419211-E8CF-426D-A0FD-C0A8A764A093}.Debug|x86.Build.0 = Debug|Any CPU
		{81419211-E8CF-426D-A0FD-C0A8A764A093}.Release|Any CPU.ActiveCfg = Release|Any CPU
		{81419211-E8CF-426D-A0FD-C0A8A764A093}.Release|Any CPU.Build.0 = Release|Any CPU
		{81419211-E8CF-426D-A0FD-C0A8A764A093}.Release|x64.ActiveCfg = Release|Any CPU
		{81419211-E8CF-426D-A0FD-C0A8A764A093}.Release|x64.Build.0 = Release|Any CPU
		{81419211-E8CF-426D-A0FD-C0A8A764A093}.Release|x86.ActiveCfg = Release|Any CPU
		{81419211-E8CF-426D-A0FD-C0A8A764A093}.Release|x86.Build.0 = Release|Any CPU
		{B15AB708-0F35-431C-A2E4-BE91D6B3BD11}.Debug|Any CPU.ActiveCfg = Debug|Any CPU
		{B15AB708-0F35-431C-A2E4-BE91D6B3BD11}.Debug|Any CPU.Build.0 = Debug|Any CPU
		{B15AB708-0F35-431C-A2E4-BE91D6B3BD11}.Debug|x64.ActiveCfg = Debug|Any CPU
		{B15AB708-0F35-431C-A2E4-BE91D6B3BD11}.Debug|x64.Build.0 = Debug|Any CPU
		{B15AB708-0F35-431C-A2E4-BE91D6B3BD11}.Debug|x86.ActiveCfg = Debug|Any CPU
		{B15AB708-0F35-431C-A2E4-BE91D6B3BD11}.Debug|x86.Build.0 = Debug|Any CPU
		{B15AB708-0F35-431C-A2E4-BE91D6B3BD11}.Release|Any CPU.ActiveCfg = Release|Any CPU
		{B15AB708-0F35-431C-A2E4-BE91D6B3BD11}.Release|Any CPU.Build.0 = Release|Any CPU
		{B15AB708-0F35-431C-A2E4-BE91D6B3BD11}.Release|x64.ActiveCfg = Release|Any CPU
		{B15AB708-0F35-431C-A2E4-BE91D6B3BD11}.Release|x64.Build.0 = Release|Any CPU
		{B15AB708-0F35-431C-A2E4-BE91D6B3BD11}.Release|x86.ActiveCfg = Release|Any CPU
		{B15AB708-0F35-431C-A2E4-BE91D6B3BD11}.Release|x86.Build.0 = Release|Any CPU
		{D2EC949E-6059-44EF-B23E-B92C36AD8C55}.Debug|Any CPU.ActiveCfg = Debug|Any CPU
		{D2EC949E-6059-44EF-B23E-B92C36AD8C55}.Debug|Any CPU.Build.0 = Debug|Any CPU
		{D2EC949E-6059-44EF-B23E-B92C36AD8C55}.Debug|x64.ActiveCfg = Debug|Any CPU
		{D2EC949E-6059-44EF-B23E-B92C36AD8C55}.Debug|x64.Build.0 = Debug|Any CPU
		{D2EC949E-6059-44EF-B23E-B92C36AD8C55}.Debug|x86.ActiveCfg = Debug|Any CPU
		{D2EC949E-6059-44EF-B23E-B92C36AD8C55}.Debug|x86.Build.0 = Debug|Any CPU
		{D2EC949E-6059-44EF-B23E-B92C36AD8C55}.Release|Any CPU.ActiveCfg = Release|Any CPU
		{D2EC949E-6059-44EF-B23E-B92C36AD8C55}.Release|Any CPU.Build.0 = Release|Any CPU
		{D2EC949E-6059-44EF-B23E-B92C36AD8C55}.Release|x64.ActiveCfg = Release|Any CPU
		{D2EC949E-6059-44EF-B23E-B92C36AD8C55}.Release|x64.Build.0 = Release|Any CPU
		{D2EC949E-6059-44EF-B23E-B92C36AD8C55}.Release|x86.ActiveCfg = Release|Any CPU
		{D2EC949E-6059-44EF-B23E-B92C36AD8C55}.Release|x86.Build.0 = Release|Any CPU
		{0852441E-007D-4E8A-BA2C-0E2CDF7F8AC3}.Debug|Any CPU.ActiveCfg = Debug|Any CPU
		{0852441E-007D-4E8A-BA2C-0E2CDF7F8AC3}.Debug|Any CPU.Build.0 = Debug|Any CPU
		{0852441E-007D-4E8A-BA2C-0E2CDF7F8AC3}.Debug|x64.ActiveCfg = Debug|Any CPU
		{0852441E-007D-4E8A-BA2C-0E2CDF7F8AC3}.Debug|x64.Build.0 = Debug|Any CPU
		{0852441E-007D-4E8A-BA2C-0E2CDF7F8AC3}.Debug|x86.ActiveCfg = Debug|Any CPU
		{0852441E-007D-4E8A-BA2C-0E2CDF7F8AC3}.Debug|x86.Build.0 = Debug|Any CPU
		{0852441E-007D-4E8A-BA2C-0E2CDF7F8AC3}.Release|Any CPU.ActiveCfg = Release|Any CPU
		{0852441E-007D-4E8A-BA2C-0E2CDF7F8AC3}.Release|Any CPU.Build.0 = Release|Any CPU
		{0852441E-007D-4E8A-BA2C-0E2CDF7F8AC3}.Release|x64.ActiveCfg = Release|Any CPU
		{0852441E-007D-4E8A-BA2C-0E2CDF7F8AC3}.Release|x64.Build.0 = Release|Any CPU
		{0852441E-007D-4E8A-BA2C-0E2CDF7F8AC3}.Release|x86.ActiveCfg = Release|Any CPU
		{0852441E-007D-4E8A-BA2C-0E2CDF7F8AC3}.Release|x86.Build.0 = Release|Any CPU
		{F11CC958-5DE4-4D15-AE51-2C0B2F1115D6}.Debug|Any CPU.ActiveCfg = Debug|Any CPU
		{F11CC958-5DE4-4D15-AE51-2C0B2F1115D6}.Debug|Any CPU.Build.0 = Debug|Any CPU
		{F11CC958-5DE4-4D15-AE51-2C0B2F1115D6}.Debug|x64.ActiveCfg = Debug|Any CPU
		{F11CC958-5DE4-4D15-AE51-2C0B2F1115D6}.Debug|x64.Build.0 = Debug|Any CPU
		{F11CC958-5DE4-4D15-AE51-2C0B2F1115D6}.Debug|x86.ActiveCfg = Debug|Any CPU
		{F11CC958-5DE4-4D15-AE51-2C0B2F1115D6}.Debug|x86.Build.0 = Debug|Any CPU
		{F11CC958-5DE4-4D15-AE51-2C0B2F1115D6}.Release|Any CPU.ActiveCfg = Release|Any CPU
		{F11CC958-5DE4-4D15-AE51-2C0B2F1115D6}.Release|Any CPU.Build.0 = Release|Any CPU
		{F11CC958-5DE4-4D15-AE51-2C0B2F1115D6}.Release|x64.ActiveCfg = Release|Any CPU
		{F11CC958-5DE4-4D15-AE51-2C0B2F1115D6}.Release|x64.Build.0 = Release|Any CPU
		{F11CC958-5DE4-4D15-AE51-2C0B2F1115D6}.Release|x86.ActiveCfg = Release|Any CPU
		{F11CC958-5DE4-4D15-AE51-2C0B2F1115D6}.Release|x86.Build.0 = Release|Any CPU
		{42BAEBB1-005C-4D5E-A56F-4494C2D4848A}.Debug|Any CPU.ActiveCfg = Debug|Any CPU
		{42BAEBB1-005C-4D5E-A56F-4494C2D4848A}.Debug|Any CPU.Build.0 = Debug|Any CPU
		{42BAEBB1-005C-4D5E-A56F-4494C2D4848A}.Debug|x64.ActiveCfg = Debug|Any CPU
		{42BAEBB1-005C-4D5E-A56F-4494C2D4848A}.Debug|x64.Build.0 = Debug|Any CPU
		{42BAEBB1-005C-4D5E-A56F-4494C2D4848A}.Debug|x86.ActiveCfg = Debug|Any CPU
		{42BAEBB1-005C-4D5E-A56F-4494C2D4848A}.Debug|x86.Build.0 = Debug|Any CPU
		{42BAEBB1-005C-4D5E-A56F-4494C2D4848A}.Release|Any CPU.ActiveCfg = Release|Any CPU
		{42BAEBB1-005C-4D5E-A56F-4494C2D4848A}.Release|Any CPU.Build.0 = Release|Any CPU
		{42BAEBB1-005C-4D5E-A56F-4494C2D4848A}.Release|x64.ActiveCfg = Release|Any CPU
		{42BAEBB1-005C-4D5E-A56F-4494C2D4848A}.Release|x64.Build.0 = Release|Any CPU
		{42BAEBB1-005C-4D5E-A56F-4494C2D4848A}.Release|x86.ActiveCfg = Release|Any CPU
		{42BAEBB1-005C-4D5E-A56F-4494C2D4848A}.Release|x86.Build.0 = Release|Any CPU
		{CDF87805-6293-4360-BADB-0719E6AD29E0}.Debug|Any CPU.ActiveCfg = Debug|Any CPU
		{CDF87805-6293-4360-BADB-0719E6AD29E0}.Debug|Any CPU.Build.0 = Debug|Any CPU
		{CDF87805-6293-4360-BADB-0719E6AD29E0}.Debug|x64.ActiveCfg = Debug|Any CPU
		{CDF87805-6293-4360-BADB-0719E6AD29E0}.Debug|x64.Build.0 = Debug|Any CPU
		{CDF87805-6293-4360-BADB-0719E6AD29E0}.Debug|x86.ActiveCfg = Debug|Any CPU
		{CDF87805-6293-4360-BADB-0719E6AD29E0}.Debug|x86.Build.0 = Debug|Any CPU
		{CDF87805-6293-4360-BADB-0719E6AD29E0}.Release|Any CPU.ActiveCfg = Release|Any CPU
		{CDF87805-6293-4360-BADB-0719E6AD29E0}.Release|Any CPU.Build.0 = Release|Any CPU
		{CDF87805-6293-4360-BADB-0719E6AD29E0}.Release|x64.ActiveCfg = Release|Any CPU
		{CDF87805-6293-4360-BADB-0719E6AD29E0}.Release|x64.Build.0 = Release|Any CPU
		{CDF87805-6293-4360-BADB-0719E6AD29E0}.Release|x86.ActiveCfg = Release|Any CPU
		{CDF87805-6293-4360-BADB-0719E6AD29E0}.Release|x86.Build.0 = Release|Any CPU
		{3D4CA7A9-96DC-4148-83B7-426525B2745B}.Debug|Any CPU.ActiveCfg = Debug|Any CPU
		{3D4CA7A9-96DC-4148-83B7-426525B2745B}.Debug|Any CPU.Build.0 = Debug|Any CPU
		{3D4CA7A9-96DC-4148-83B7-426525B2745B}.Debug|x64.ActiveCfg = Debug|Any CPU
		{3D4CA7A9-96DC-4148-83B7-426525B2745B}.Debug|x64.Build.0 = Debug|Any CPU
		{3D4CA7A9-96DC-4148-83B7-426525B2745B}.Debug|x86.ActiveCfg = Debug|Any CPU
		{3D4CA7A9-96DC-4148-83B7-426525B2745B}.Debug|x86.Build.0 = Debug|Any CPU
		{3D4CA7A9-96DC-4148-83B7-426525B2745B}.Release|Any CPU.ActiveCfg = Release|Any CPU
		{3D4CA7A9-96DC-4148-83B7-426525B2745B}.Release|Any CPU.Build.0 = Release|Any CPU
		{3D4CA7A9-96DC-4148-83B7-426525B2745B}.Release|x64.ActiveCfg = Release|Any CPU
		{3D4CA7A9-96DC-4148-83B7-426525B2745B}.Release|x64.Build.0 = Release|Any CPU
		{3D4CA7A9-96DC-4148-83B7-426525B2745B}.Release|x86.ActiveCfg = Release|Any CPU
		{3D4CA7A9-96DC-4148-83B7-426525B2745B}.Release|x86.Build.0 = Release|Any CPU
		{6D5323FF-2F0C-40FF-821C-ACB4426FE0BD}.Debug|Any CPU.ActiveCfg = Debug|Any CPU
		{6D5323FF-2F0C-40FF-821C-ACB4426FE0BD}.Debug|Any CPU.Build.0 = Debug|Any CPU
		{6D5323FF-2F0C-40FF-821C-ACB4426FE0BD}.Debug|x64.ActiveCfg = Debug|Any CPU
		{6D5323FF-2F0C-40FF-821C-ACB4426FE0BD}.Debug|x64.Build.0 = Debug|Any CPU
		{6D5323FF-2F0C-40FF-821C-ACB4426FE0BD}.Debug|x86.ActiveCfg = Debug|Any CPU
		{6D5323FF-2F0C-40FF-821C-ACB4426FE0BD}.Debug|x86.Build.0 = Debug|Any CPU
		{6D5323FF-2F0C-40FF-821C-ACB4426FE0BD}.Release|Any CPU.ActiveCfg = Release|Any CPU
		{6D5323FF-2F0C-40FF-821C-ACB4426FE0BD}.Release|Any CPU.Build.0 = Release|Any CPU
		{6D5323FF-2F0C-40FF-821C-ACB4426FE0BD}.Release|x64.ActiveCfg = Release|Any CPU
		{6D5323FF-2F0C-40FF-821C-ACB4426FE0BD}.Release|x64.Build.0 = Release|Any CPU
		{6D5323FF-2F0C-40FF-821C-ACB4426FE0BD}.Release|x86.ActiveCfg = Release|Any CPU
		{6D5323FF-2F0C-40FF-821C-ACB4426FE0BD}.Release|x86.Build.0 = Release|Any CPU
	EndGlobalSection
EndGlobal
